// !$*UTF8*$!
{
	archiveVersion = 1;
	classes = {
	};
	objectVersion = 46;
	objects = {

/* Begin PBXBuildFile section */
		DE800B191ED157DF00076BB5 /* AppDelegate.swift in Sources */ = {isa = PBXBuildFile; fileRef = DE800B181ED157DF00076BB5 /* AppDelegate.swift */; };
		DE800B1E1ED157DF00076BB5 /* Main.storyboard in Resources */ = {isa = PBXBuildFile; fileRef = DE800B1C1ED157DF00076BB5 /* Main.storyboard */; };
		DE800B201ED157DF00076BB5 /* Assets.xcassets in Resources */ = {isa = PBXBuildFile; fileRef = DE800B1F1ED157DF00076BB5 /* Assets.xcassets */; };
		DE800B231ED157DF00076BB5 /* LaunchScreen.storyboard in Resources */ = {isa = PBXBuildFile; fileRef = DE800B211ED157DF00076BB5 /* LaunchScreen.storyboard */; };
		DE800B2D1ED1592100076BB5 /* ImageViewController.swift in Sources */ = {isa = PBXBuildFile; fileRef = DE800B2C1ED1592100076BB5 /* ImageViewController.swift */; };
		DE800B2F1ED15A7F00076BB5 /* DemoURL.swift in Sources */ = {isa = PBXBuildFile; fileRef = DE800B2E1ED15A7F00076BB5 /* DemoURL.swift */; };
/* End PBXBuildFile section */

/* Begin PBXFileReference section */
		DE800B151ED157DF00076BB5 /* Cassini.app */ = {isa = PBXFileReference; explicitFileType = wrapper.application; includeInIndex = 0; path = Cassini.app; sourceTree = BUILT_PRODUCTS_DIR; };
		DE800B181ED157DF00076BB5 /* AppDelegate.swift */ = {isa = PBXFileReference; lastKnownFileType = sourcecode.swift; path = AppDelegate.swift; sourceTree = "<group>"; };
		DE800B1D1ED157DF00076BB5 /* Base */ = {isa = PBXFileReference; lastKnownFileType = file.storyboard; name = Base; path = Base.lproj/Main.storyboard; sourceTree = "<group>"; };
		DE800B1F1ED157DF00076BB5 /* Assets.xcassets */ = {isa = PBXFileReference; lastKnownFileType = folder.assetcatalog; path = Assets.xcassets; sourceTree = "<group>"; };
		DE800B221ED157DF00076BB5 /* Base */ = {isa = PBXFileReference; lastKnownFileType = file.storyboard; name = Base; path = Base.lproj/LaunchScreen.storyboard; sourceTree = "<group>"; };
		DE800B241ED157DF00076BB5 /* Info.plist */ = {isa = PBXFileReference; lastKnownFileType = text.plist.xml; path = Info.plist; sourceTree = "<group>"; };
		DE800B2C1ED1592100076BB5 /* ImageViewController.swift */ = {isa = PBXFileReference; fileEncoding = 4; lastKnownFileType = sourcecode.swift; path = ImageViewController.swift; sourceTree = "<group>"; };
		DE800B2E1ED15A7F00076BB5 /* DemoURL.swift */ = {isa = PBXFileReference; fileEncoding = 4; lastKnownFileType = sourcecode.swift; path = DemoURL.swift; sourceTree = "<group>"; };
/* End PBXFileReference section */

/* Begin PBXFrameworksBuildPhase section */
		DE800B121ED157DF00076BB5 /* Frameworks */ = {
			isa = PBXFrameworksBuildPhase;
			buildActionMask = 2147483647;
			files = (
			);
			runOnlyForDeploymentPostprocessing = 0;
		};
/* End PBXFrameworksBuildPhase section */

/* Begin PBXGroup section */
		DE800B0C1ED157DF00076BB5 = {
			isa = PBXGroup;
			children = (
				DE800B171ED157DF00076BB5 /* Cassini */,
				DE800B161ED157DF00076BB5 /* Products */,
			);
			sourceTree = "<group>";
		};
		DE800B161ED157DF00076BB5 /* Products */ = {
			isa = PBXGroup;
			children = (
				DE800B151ED157DF00076BB5 /* Cassini.app */,
			);
			name = Products;
			sourceTree = "<group>";
		};
		DE800B171ED157DF00076BB5 /* Cassini */ = {
			isa = PBXGroup;
			children = (
				DE800B181ED157DF00076BB5 /* AppDelegate.swift */,
				DE800B1C1ED157DF00076BB5 /* Main.storyboard */,
				DE800B1F1ED157DF00076BB5 /* Assets.xcassets */,
				DE800B211ED157DF00076BB5 /* LaunchScreen.storyboard */,
				DE800B241ED157DF00076BB5 /* Info.plist */,
				DE800B2C1ED1592100076BB5 /* ImageViewController.swift */,
				DE800B2E1ED15A7F00076BB5 /* DemoURL.swift */,
			);
			path = Cassini;
			sourceTree = "<group>";
		};
/* End PBXGroup section */

/* Begin PBXNativeTarget section */
		DE800B141ED157DF00076BB5 /* Cassini */ = {
			isa = PBXNativeTarget;
			buildConfigurationList = DE800B271ED157DF00076BB5 /* Build configuration list for PBXNativeTarget "Cassini" */;
			buildPhases = (
				DE800B111ED157DF00076BB5 /* Sources */,
				DE800B121ED157DF00076BB5 /* Frameworks */,
				DE800B131ED157DF00076BB5 /* Resources */,
			);
			buildRules = (
			);
			dependencies = (
			);
			name = Cassini;
			productName = Cassini;
			productReference = DE800B151ED157DF00076BB5 /* Cassini.app */;
			productType = "com.apple.product-type.application";
		};
/* End PBXNativeTarget section */

/* Begin PBXProject section */
		DE800B0D1ED157DF00076BB5 /* Project object */ = {
			isa = PBXProject;
			attributes = {
				LastSwiftUpdateCheck = 0830;
				LastUpgradeCheck = 0830;
				ORGANIZATIONNAME = "Yang Zhang";
				TargetAttributes = {
					DE800B141ED157DF00076BB5 = {
						CreatedOnToolsVersion = 8.3.2;
						ProvisioningStyle = Automatic;
					};
				};
			};
			buildConfigurationList = DE800B101ED157DF00076BB5 /* Build configuration list for PBXProject "Cassini" */;
			compatibilityVersion = "Xcode 3.2";
			developmentRegion = English;
			hasScannedForEncodings = 0;
			knownRegions = (
				en,
				Base,
			);
			mainGroup = DE800B0C1ED157DF00076BB5;
			productRefGroup = DE800B161ED157DF00076BB5 /* Products */;
			projectDirPath = "";
			projectRoot = "";
			targets = (
				DE800B141ED157DF00076BB5 /* Cassini */,
			);
		};
/* End PBXProject section */

/* Begin PBXResourcesBuildPhase section */
		DE800B131ED157DF00076BB5 /* Resources */ = {
			isa = PBXResourcesBuildPhase;
			buildActionMask = 2147483647;
			files = (
				DE800B231ED157DF00076BB5 /* LaunchScreen.storyboard in Resources */,
				DE800B201ED157DF00076BB5 /* Assets.xcassets in Resources */,
				DE800B1E1ED157DF00076BB5 /* Main.storyboard in Resources */,
			);
			runOnlyForDeploymentPostprocessing = 0;
		};
/* End PBXResourcesBuildPhase section */

/* Begin PBXSourcesBuildPhase section */
		DE800B111ED157DF00076BB5 /* Sources */ = {
			isa = PBXSourcesBuildPhase;
			buildActionMask = 2147483647;
			files = (
				DE800B2D1ED1592100076BB5 /* ImageViewController.swift in Sources */,
				DE800B191ED157DF00076BB5 /* AppDelegate.swift in Sources */,
				DE800B2F1ED15A7F00076BB5 /* DemoURL.swift in Sources */,
			);
			runOnlyForDeploymentPostprocessing = 0;
		};
/* End PBXSourcesBuildPhase section */

/* Begin PBXVariantGroup section */
		DE800B1C1ED157DF00076BB5 /* Main.storyboard */ = {
			isa = PBXVariantGroup;
			children = (
				DE800B1D1ED157DF00076BB5 /* Base */,
			);
			name = Main.storyboard;
			sourceTree = "<group>";
		};
		DE800B211ED157DF00076BB5 /* LaunchScreen.storyboard */ = {
			isa = PBXVariantGroup;
			children = (
				DE800B221ED157DF00076BB5 /* Base */,
			);
			name = LaunchScreen.storyboard;
			sourceTree = "<group>";
		};
/* End PBXVariantGroup section */

/* Begin XCBuildConfiguration section */
		DE800B251ED157DF00076BB5 /* Debug */ = {
			isa = XCBuildConfiguration;
			buildSettings = {
				ALWAYS_SEARCH_USER_PATHS = NO;
				CLANG_ANALYZER_NONNULL = YES;
				CLANG_ANALYZER_NUMBER_OBJECT_CONVERSION = YES_AGGRESSIVE;
				CLANG_CXX_LANGUAGE_STANDARD = "gnu++0x";
				CLANG_CXX_LIBRARY = "libc++";
				CLANG_ENABLE_MODULES = YES;
				CLANG_ENABLE_OBJC_ARC = YES;
				CLANG_WARN_BOOL_CONVERSION = YES;
				CLANG_WARN_CONSTANT_CONVERSION = YES;
				CLANG_WARN_DIRECT_OBJC_ISA_USAGE = YES_ERROR;
				CLANG_WARN_DOCUMENTATION_COMMENTS = YES;
				CLANG_WARN_EMPTY_BODY = YES;
				CLANG_WARN_ENUM_CONVERSION = YES;
				CLANG_WARN_INFINITE_RECURSION = YES;
				CLANG_WARN_INT_CONVERSION = YES;
				CLANG_WARN_OBJC_ROOT_CLASS = YES_ERROR;
				CLANG_WARN_SUSPICIOUS_MOVE = YES;
				CLANG_WARN_UNREACHABLE_CODE = YES;
				CLANG_WARN__DUPLICATE_METHOD_MATCH = YES;
				"CODE_SIGN_IDENTITY[sdk=iphoneos*]" = "iPhone Developer";
				COPY_PHASE_STRIP = NO;
				DEBUG_INFORMATION_FORMAT = dwarf;
				ENABLE_STRICT_OBJC_MSGSEND = YES;
				ENABLE_TESTABILITY = YES;
				GCC_C_LANGUAGE_STANDARD = gnu99;
				GCC_DYNAMIC_NO_PIC = NO;
				GCC_NO_COMMON_BLOCKS = YES;
				GCC_OPTIMIZATION_LEVEL = 0;
				GCC_PREPROCESSOR_DEFINITIONS = (
					"DEBUG=1",
					"$(inherited)",
				);
				GCC_WARN_64_TO_32_BIT_CONVERSION = YES;
				GCC_WARN_ABOUT_RETURN_TYPE = YES_ERROR;
				GCC_WARN_UNDECLARED_SELECTOR = YES;
				GCC_WARN_UNINITIALIZED_AUTOS = YES_AGGRESSIVE;
				GCC_WARN_UNUSED_FUNCTION = YES;
				GCC_WARN_UNUSED_VARIABLE = YES;
				IPHONEOS_DEPLOYMENT_TARGET = 10.3;
				MTL_ENABLE_DEBUG_INFO = YES;
				ONLY_ACTIVE_ARCH = YES;
				SDKROOT = iphoneos;
				SWIFT_ACTIVE_COMPILATION_CONDITIONS = DEBUG;
				SWIFT_OPTIMIZATION_LEVEL = "-Onone";
				TARGETED_DEVICE_FAMILY = "1,2";
			};
			name = Debug;
		};
		DE800B261ED157DF00076BB5 /* Release */ = {
			isa = XCBuildConfiguration;
			buildSettings = {
				ALWAYS_SEARCH_USER_PATHS = NO;
				CLANG_ANALYZER_NONNULL = YES;
				CLANG_ANALYZER_NUMBER_OBJECT_CONVERSION = YES_AGGRESSIVE;
				CLANG_CXX_LANGUAGE_STANDARD = "gnu++0x";
				CLANG_CXX_LIBRARY = "libc++";
				CLANG_ENABLE_MODULES = YES;
				CLANG_ENABLE_OBJC_ARC = YES;
				CLANG_WARN_BOOL_CONVERSION = YES;
				CLANG_WARN_CONSTANT_CONVERSION = YES;
				CLANG_WARN_DIRECT_OBJC_ISA_USAGE = YES_ERROR;
				CLANG_WARN_DOCUMENTATION_COMMENTS = YES;
				CLANG_WARN_EMPTY_BODY = YES;
				CLANG_WARN_ENUM_CONVERSION = YES;
				CLANG_WARN_INFINITE_RECURSION = YES;
				CLANG_WARN_INT_CONVERSION = YES;
				CLANG_WARN_OBJC_ROOT_CLASS = YES_ERROR;
				CLANG_WARN_SUSPICIOUS_MOVE = YES;
				CLANG_WARN_UNREACHABLE_CODE = YES;
				CLANG_WARN__DUPLICATE_METHOD_MATCH = YES;
				"CODE_SIGN_IDENTITY[sdk=iphoneos*]" = "iPhone Developer";
				COPY_PHASE_STRIP = NO;
				DEBUG_INFORMATION_FORMAT = "dwarf-with-dsym";
				ENABLE_NS_ASSERTIONS = NO;
				ENABLE_STRICT_OBJC_MSGSEND = YES;
				GCC_C_LANGUAGE_STANDARD = gnu99;
				GCC_NO_COMMON_BLOCKS = YES;
				GCC_WARN_64_TO_32_BIT_CONVERSION = YES;
				GCC_WARN_ABOUT_RETURN_TYPE = YES_ERROR;
				GCC_WARN_UNDECLARED_SELECTOR = YES;
				GCC_WARN_UNINITIALIZED_AUTOS = YES_AGGRESSIVE;
				GCC_WARN_UNUSED_FUNCTION = YES;
				GCC_WARN_UNUSED_VARIABLE = YES;
				IPHONEOS_DEPLOYMENT_TARGET = 10.3;
				MTL_ENABLE_DEBUG_INFO = NO;
				SDKROOT = iphoneos;
				SWIFT_OPTIMIZATION_LEVEL = "-Owholemodule";
				TARGETED_DEVICE_FAMILY = "1,2";
				VALIDATE_PRODUCT = YES;
			};
			name = Release;
		};
		DE800B281ED157DF00076BB5 /* Debug */ = {
			isa = XCBuildConfiguration;
			buildSettings = {
				ASSETCATALOG_COMPILER_APPICON_NAME = AppIcon;
				INFOPLIST_FILE = Cassini/Info.plist;
				LD_RUNPATH_SEARCH_PATHS = "$(inherited) @executable_path/Frameworks";
				PRODUCT_BUNDLE_IDENTIFIER = com.ssihometech.yang.Cassini;
				PRODUCT_NAME = "$(TARGET_NAME)";
				SWIFT_VERSION = 3.0;
			};
			name = Debug;
		};
		DE800B291ED157DF00076BB5 /* Release */ = {
			isa = XCBuildConfiguration;
			buildSettings = {
				ASSETCATALOG_COMPILER_APPICON_NAME = AppIcon;
				INFOPLIST_FILE = Cassini/Info.plist;
				LD_RUNPATH_SEARCH_PATHS = "$(inherited) @executable_path/Frameworks";
				PRODUCT_BUNDLE_IDENTIFIER = com.ssihometech.yang.Cassini;
				PRODUCT_NAME = "$(TARGET_NAME)";
				SWIFT_VERSION = 3.0;
			};
			name = Release;
		};
/* End XCBuildConfiguration section */

/* Begin XCConfigurationList section */
		DE800B101ED157DF00076BB5 /* Build configuration list for PBXProject "Cassini" */ = {
			isa = XCConfigurationList;
			buildConfigurations = (
				DE800B251ED157DF00076BB5 /* Debug */,
				DE800B261ED157DF00076BB5 /* Release */,
			);
			defaultConfigurationIsVisible = 0;
			defaultConfigurationName = Release;
		};
		DE800B271ED157DF00076BB5 /* Build configuration list for PBXNativeTarget "Cassini" */ = {
			isa = XCConfigurationList;
			buildConfigurations = (
				DE800B281ED157DF00076BB5 /* Debug */,
				DE800B291ED157DF00076BB5 /* Release */,
			);
			defaultConfigurationIsVisible = 0;
		};
/* End XCConfigurationList section */
	};
	rootObject = DE800B0D1ED157DF00076BB5 /* Project object */;
}
